
Microsoft Visual Studio Solution File, Format Version 12.00
# Visual Studio Version 16
VisualStudioVersion = 16.0.30804.86
MinimumVisualStudioVersion = 10.0.40219.1
Project("{FAE04EC0-301F-11D3-BF4B-00C04F79EFBC}") = "Fix_Company", "Fix_Company\Fix_Company.csproj", "{37CABC68-14AB-4E61-BC1C-0AC9344C0F84}"
EndProject
Project("{FAE04EC0-301F-11D3-BF4B-00C04F79EFBC}") = "ManagerModule", "ManagerModule\ManagerModule.csproj", "{ED505130-2924-4E38-A871-213A3ECC27F8}"
EndProject
Project("{FAE04EC0-301F-11D3-BF4B-00C04F79EFBC}") = "DirectorModule", "DirectorModule\DirectorModule.csproj", "{9FCBF5B3-D769-4F2B-A40E-CBB7677E33C9}"
EndProject
Project("{FAE04EC0-301F-11D3-BF4B-00C04F79EFBC}") = "RepairManModule", "RepairManModule\RepairManModule.csproj", "{6B349B11-F1D0-4790-9F60-AC3BD5F0C0AD}"
EndProject
Project("{2150E333-8FDC-42A3-9474-1A3956D46DE8}") = "Data", "Data", "{F8094152-C014-456F-8CA0-8BDB51EB89AE}"
EndProject
Project("{2150E333-8FDC-42A3-9474-1A3956D46DE8}") = "clients", "clients", "{3F624E5C-FAD4-470B-A709-5D3B59C67E43}"
EndProject
Project("{2150E333-8FDC-42A3-9474-1A3956D46DE8}") = "managers", "managers", "{EB6DEA9A-2BCB-4738-9DD3-A61D5AC7F917}"
EndProject
Project("{2150E333-8FDC-42A3-9474-1A3956D46DE8}") = "repairmen", "repairmen", "{31EB972B-56F9-40BE-8BEB-91021A178BD2}"
EndProject
Project("{FAE04EC0-301F-11D3-BF4B-00C04F79EFBC}") = "ClientModule", "ClientModule\ClientModule.csproj", "{19D86BC4-8B2A-4403-93D0-8F8556A208FD}"
EndProject
Project("{FAE04EC0-301F-11D3-BF4B-00C04F79EFBC}") = "Library1", "Library1\Library1.csproj", "{E0388E8F-A272-449B-B2D8-7EA438ACA0B0}"
EndProject
Project("{FAE04EC0-301F-11D3-BF4B-00C04F79EFBC}") = "LibraryExceptions", "LibraryExceptions\LibraryExceptions.csproj", "{3A06BDAA-F092-4A4D-955C-F82C4E3F596F}"
EndProject
Global
	GlobalSection(SolutionConfigurationPlatforms) = preSolution
		Debug|Any CPU = Debug|Any CPU
		Release|Any CPU = Release|Any CPU
	EndGlobalSection
	GlobalSection(ProjectConfigurationPlatforms) = postSolution
		{37CABC68-14AB-4E61-BC1C-0AC9344C0F84}.Debug|Any CPU.ActiveCfg = Debug|Any CPU
		{37CABC68-14AB-4E61-BC1C-0AC9344C0F84}.Debug|Any CPU.Build.0 = Debug|Any CPU
		{37CABC68-14AB-4E61-BC1C-0AC9344C0F84}.Release|Any CPU.ActiveCfg = Release|Any CPU
		{37CABC68-14AB-4E61-BC1C-0AC9344C0F84}.Release|Any CPU.Build.0 = Release|Any CPU
		{ED505130-2924-4E38-A871-213A3ECC27F8}.Debug|Any CPU.ActiveCfg = Debug|Any CPU
		{ED505130-2924-4E38-A871-213A3ECC27F8}.Debug|Any CPU.Build.0 = Debug|Any CPU
		{ED505130-2924-4E38-A871-213A3ECC27F8}.Release|Any CPU.ActiveCfg = Release|Any CPU
		{ED505130-2924-4E38-A871-213A3ECC27F8}.Release|Any CPU.Build.0 = Release|Any CPU
		{9FCBF5B3-D769-4F2B-A40E-CBB7677E33C9}.Debug|Any CPU.ActiveCfg = Debug|Any CPU
		{9FCBF5B3-D769-4F2B-A40E-CBB7677E33C9}.Debug|Any CPU.Build.0 = Debug|Any CPU
		{9FCBF5B3-D769-4F2B-A40E-CBB7677E33C9}.Release|Any CPU.ActiveCfg = Release|Any CPU
		{9FCBF5B3-D769-4F2B-A40E-CBB7677E33C9}.Release|Any CPU.Build.0 = Release|Any CPU
		{6B349B11-F1D0-4790-9F60-AC3BD5F0C0AD}.Debug|Any CPU.ActiveCfg = Debug|Any CPU
		{6B349B11-F1D0-4790-9F60-AC3BD5F0C0AD}.Debug|Any CPU.Build.0 = Debug|Any CPU
		{6B349B11-F1D0-4790-9F60-AC3BD5F0C0AD}.Release|Any CPU.ActiveCfg = Release|Any CPU
		{6B349B11-F1D0-4790-9F60-AC3BD5F0C0AD}.Release|Any CPU.Build.0 = Release|Any CPU
		{19D86BC4-8B2A-4403-93D0-8F8556A208FD}.Debug|Any CPU.ActiveCfg = Debug|Any CPU
		{19D86BC4-8B2A-4403-93D0-8F8556A208FD}.Debug|Any CPU.Build.0 = Debug|Any CPU
		{19D86BC4-8B2A-4403-93D0-8F8556A208FD}.Release|Any CPU.ActiveCfg = Release|Any CPU
		{19D86BC4-8B2A-4403-93D0-8F8556A208FD}.Release|Any CPU.Build.0 = Release|Any CPU
		{E0388E8F-A272-449B-B2D8-7EA438ACA0B0}.Debug|Any CPU.ActiveCfg = Debug|Any CPU
		{E0388E8F-A272-449B-B2D8-7EA438ACA0B0}.Debug|Any CPU.Build.0 = Debug|Any CPU
		{E0388E8F-A272-449B-B2D8-7EA438ACA0B0}.Release|Any CPU.ActiveCfg = Release|Any CPU
		{E0388E8F-A272-449B-B2D8-7EA438ACA0B0}.Release|Any CPU.Build.0 = Release|Any CPU
		{3A06BDAA-F092-4A4D-955C-F82C4E3F596F}.Debug|Any CPU.ActiveCfg = Debug|Any CPU
		{3A06BDAA-F092-4A4D-955C-F82C4E3F596F}.Debug|Any CPU.Build.0 = Debug|Any CPU
		{3A06BDAA-F092-4A4D-955C-F82C4E3F596F}.Release|Any CPU.ActiveCfg = Release|Any CPU
		{3A06BDAA-F092-4A4D-955C-F82C4E3F596F}.Release|Any CPU.Build.0 = Release|Any CPU
	EndGlobalSection
	GlobalSection(SolutionProperties) = preSolution
		HideSolutionNode = FALSE
	EndGlobalSection
	GlobalSection(NestedProjects) = preSolution
		{3F624E5C-FAD4-470B-A709-5D3B59C67E43} = {F8094152-C014-456F-8CA0-8BDB51EB89AE}
		{EB6DEA9A-2BCB-4738-9DD3-A61D5AC7F917} = {F8094152-C014-456F-8CA0-8BDB51EB89AE}
		{31EB972B-56F9-40BE-8BEB-91021A178BD2} = {F8094152-C014-456F-8CA0-8BDB51EB89AE}
	EndGlobalSection
	GlobalSection(ExtensibilityGlobals) = postSolution
		SolutionGuid = {E429A9E3-8926-4FE7-AD33-A2F345795C3A}
	EndGlobalSection
EndGlobal
